{
  "requires": true,
  "lockfileVersion": 1,
  "dependencies": {
    "cytoscape-cola": {
      "version": "2.3.0",
      "resolved": "https://registry.npmjs.org/cytoscape-cola/-/cytoscape-cola-2.3.0.tgz",
      "integrity": "sha512-xblxlCH8JXGLdH6XMUBJY3xBUJuL1rLy8bLMGvqkvoPHSbBfV+/klMWoqwervVKWOmFHPwUdihtxy8stG4RM5g==",
      "requires": {
        "webcola": "3.3.8"
      }
    },
    "d3-dispatch": {
      "version": "1.0.5",
      "resolved": "https://registry.npmjs.org/d3-dispatch/-/d3-dispatch-1.0.5.tgz",
      "integrity": "sha512-vwKx+lAqB1UuCeklr6Jh1bvC4SZgbSqbkGBLClItFBIYH4vqDJCA7qfoy14lXmJdnBOdxndAMxjCbImJYW7e6g=="
    },
    "d3-drag": {
      "version": "1.2.3",
      "resolved": "https://registry.npmjs.org/d3-drag/-/d3-drag-1.2.3.tgz",
      "integrity": "sha512-8S3HWCAg+ilzjJsNtWW1Mutl74Nmzhb9yU6igspilaJzeZVFktmY6oO9xOh5TDk+BM2KrNFjttZNoJJmDnkjkg==",
      "requires": {
        "d3-dispatch": "1.0.5",
        "d3-selection": "1.3.2"
      }
    },
    "d3-selection": {
      "version": "1.3.2",
      "resolved": "https://registry.npmjs.org/d3-selection/-/d3-selection-1.3.2.tgz",
      "integrity": "sha512-OoXdv1nZ7h2aKMVg3kaUFbLLK5jXUFAMLD/Tu5JA96mjf8f2a9ZUESGY+C36t8R1WFeWk/e55hy54Ml2I62CRQ=="
    },
    "d3-timer": {
      "version": "1.0.9",
      "resolved": "https://registry.npmjs.org/d3-timer/-/d3-timer-1.0.9.tgz",
      "integrity": "sha512-rT34J5HnQUHhcLvhSB9GjCkN0Ddd5Y8nCwDBG2u6wQEeYxT/Lf51fTFFkldeib/sE/J0clIe0pnCfs6g/lRbyg=="
    },
    "webcola": {
      "version": "3.3.8",
      "resolved": "https://registry.npmjs.org/webcola/-/webcola-3.3.8.tgz",
      "integrity": "sha512-WVDTdHS1SaqYCUJGPdbOhqj44mchDyTC78tozUdqJllwYeJ2554+BWkJfc5kNphT8foip2StCMw1FWsIvGmv9w==",
      "requires": {
        "d3-dispatch": "1.0.5",
        "d3-drag": "1.2.3",
        "d3-timer": "1.0.9"
      }
    }
  }
}
